{
  "version": 4,
  "terraform_version": "1.9.8",
  "serial": 1,
  "lineage": "7b72b2f6-830f-f745-8863-6873efb572b0",
  "outputs": {},
  "resources": [
    {
      "mode": "managed",
      "type": "spotify_playlist",
      "name": "Bollywood",
      "provider": "provider[\"registry.terraform.io/conradludgate/spotify\"]",
      "instances": [
        {
          "schema_version": 0,
          "attributes": {
            "description": null,
            "id": "6zDCiDRXCANpaRN3lO9GNl",
            "name": "Bollywood",
            "public": true,
            "snapshot_id": "AAAAAs9NFmDdAeyBckKYWNW5uYMoMSxo",
            "tracks": [
              "18YHbIhrleUkKKj2DvEp79"
            ]
          },
          "sensitive_attributes": [],
          "private": "bnVsbA=="
        }
      ]
    }
  ],
  "check_results": null
}
